// !$*UTF8*$!
{
	archiveVersion = 1;
	classes = {
	};
	objectVersion = 56;
	objects = {

/* Begin PBXBuildFile section */
		C99017022A5C6E0E00FDD16E /* SwiftUI_MVVM_CombineApp.swift in Sources */ = {isa = PBXBuildFile; fileRef = C99017012A5C6E0E00FDD16E /* SwiftUI_MVVM_CombineApp.swift */; };
		C99017042A5C6E0E00FDD16E /* MovieListView.swift in Sources */ = {isa = PBXBuildFile; fileRef = C99017032A5C6E0E00FDD16E /* MovieListView.swift */; };
		C99017062A5C6E0F00FDD16E /* Assets.xcassets in Resources */ = {isa = PBXBuildFile; fileRef = C99017052A5C6E0F00FDD16E /* Assets.xcassets */; };
		C99017092A5C6E0F00FDD16E /* Preview Assets.xcassets in Resources */ = {isa = PBXBuildFile; fileRef = C99017082A5C6E0F00FDD16E /* Preview Assets.xcassets */; };
		C99017132A5C6E5E00FDD16E /* MoviesModel.swift in Sources */ = {isa = PBXBuildFile; fileRef = C99017122A5C6E5E00FDD16E /* MoviesModel.swift */; };
		C99017152A5C6EBB00FDD16E /* MovieListViewModel.swift in Sources */ = {isa = PBXBuildFile; fileRef = C99017142A5C6EBB00FDD16E /* MovieListViewModel.swift */; };
		C99017172A5C6F3800FDD16E /* ContentView.swift in Sources */ = {isa = PBXBuildFile; fileRef = C99017162A5C6F3800FDD16E /* ContentView.swift */; };
		C99017192A5C774700FDD16E /* AsyncImage.swift in Sources */ = {isa = PBXBuildFile; fileRef = C99017182A5C774700FDD16E /* AsyncImage.swift */; };
		C990171B2A5C776F00FDD16E /* ImageLoader.swift in Sources */ = {isa = PBXBuildFile; fileRef = C990171A2A5C776F00FDD16E /* ImageLoader.swift */; };
		C990171D2A5C779B00FDD16E /* ImageCache.swift in Sources */ = {isa = PBXBuildFile; fileRef = C990171C2A5C779B00FDD16E /* ImageCache.swift */; };
/* End PBXBuildFile section */

/* Begin PBXFileReference section */
		C99016FE2A5C6E0E00FDD16E /* SwiftUI-MVVM-Combine.app */ = {isa = PBXFileReference; explicitFileType = wrapper.application; includeInIndex = 0; path = "SwiftUI-MVVM-Combine.app"; sourceTree = BUILT_PRODUCTS_DIR; };
		C99017012A5C6E0E00FDD16E /* SwiftUI_MVVM_CombineApp.swift */ = {isa = PBXFileReference; lastKnownFileType = sourcecode.swift; path = SwiftUI_MVVM_CombineApp.swift; sourceTree = "<group>"; };
		C99017032A5C6E0E00FDD16E /* MovieListView.swift */ = {isa = PBXFileReference; lastKnownFileType = sourcecode.swift; path = MovieListView.swift; sourceTree = "<group>"; };
		C99017052A5C6E0F00FDD16E /* Assets.xcassets */ = {isa = PBXFileReference; lastKnownFileType = folder.assetcatalog; path = Assets.xcassets; sourceTree = "<group>"; };
		C99017082A5C6E0F00FDD16E /* Preview Assets.xcassets */ = {isa = PBXFileReference; lastKnownFileType = folder.assetcatalog; path = "Preview Assets.xcassets"; sourceTree = "<group>"; };
		C99017122A5C6E5E00FDD16E /* MoviesModel.swift */ = {isa = PBXFileReference; lastKnownFileType = sourcecode.swift; path = MoviesModel.swift; sourceTree = "<group>"; };
		C99017142A5C6EBB00FDD16E /* MovieListViewModel.swift */ = {isa = PBXFileReference; lastKnownFileType = sourcecode.swift; path = MovieListViewModel.swift; sourceTree = "<group>"; };
		C99017162A5C6F3800FDD16E /* ContentView.swift */ = {isa = PBXFileReference; lastKnownFileType = sourcecode.swift; path = ContentView.swift; sourceTree = "<group>"; };
		C99017182A5C774700FDD16E /* AsyncImage.swift */ = {isa = PBXFileReference; lastKnownFileType = sourcecode.swift; path = AsyncImage.swift; sourceTree = "<group>"; };
		C990171A2A5C776F00FDD16E /* ImageLoader.swift */ = {isa = PBXFileReference; lastKnownFileType = sourcecode.swift; path = ImageLoader.swift; sourceTree = "<group>"; };
		C990171C2A5C779B00FDD16E /* ImageCache.swift */ = {isa = PBXFileReference; lastKnownFileType = sourcecode.swift; path = ImageCache.swift; sourceTree = "<group>"; };
/* End PBXFileReference section */

/* Begin PBXFrameworksBuildPhase section */
		C99016FB2A5C6E0E00FDD16E /* Frameworks */ = {
			isa = PBXFrameworksBuildPhase;
			buildActionMask = 2147483647;
			files = (
			);
			runOnlyForDeploymentPostprocessing = 0;
		};
/* End PBXFrameworksBuildPhase section */

/* Begin PBXGroup section */
		C99016F52A5C6E0E00FDD16E = {
			isa = PBXGroup;
			children = (
				C99017002A5C6E0E00FDD16E /* SwiftUI-MVVM-Combine */,
				C99016FF2A5C6E0E00FDD16E /* Products */,
			);
			sourceTree = "<group>";
		};
		C99016FF2A5C6E0E00FDD16E /* Products */ = {
			isa = PBXGroup;
			children = (
				C99016FE2A5C6E0E00FDD16E /* SwiftUI-MVVM-Combine.app */,
			);
			name = Products;
			sourceTree = "<group>";
		};
		C99017002A5C6E0E00FDD16E /* SwiftUI-MVVM-Combine */ = {
			isa = PBXGroup;
			children = (
				C99017112A5C6E3400FDD16E /* ViewModel */,
				C99017102A5C6E2D00FDD16E /* View */,
				C990170F2A5C6E2400FDD16E /* Model */,
				C990171E2A5C78C700FDD16E /* Helpers */,
				C99017012A5C6E0E00FDD16E /* SwiftUI_MVVM_CombineApp.swift */,
				C99017162A5C6F3800FDD16E /* ContentView.swift */,
				C99017052A5C6E0F00FDD16E /* Assets.xcassets */,
				C99017072A5C6E0F00FDD16E /* Preview Content */,
			);
			path = "SwiftUI-MVVM-Combine";
			sourceTree = "<group>";
		};
		C99017072A5C6E0F00FDD16E /* Preview Content */ = {
			isa = PBXGroup;
			children = (
				C99017082A5C6E0F00FDD16E /* Preview Assets.xcassets */,
			);
			path = "Preview Content";
			sourceTree = "<group>";
		};
		C990170F2A5C6E2400FDD16E /* Model */ = {
			isa = PBXGroup;
			children = (
				C99017122A5C6E5E00FDD16E /* MoviesModel.swift */,
			);
			path = Model;
			sourceTree = "<group>";
		};
		C99017102A5C6E2D00FDD16E /* View */ = {
			isa = PBXGroup;
			children = (
				C99017032A5C6E0E00FDD16E /* MovieListView.swift */,
				C99017182A5C774700FDD16E /* AsyncImage.swift */,
			);
			path = View;
			sourceTree = "<group>";
		};
		C99017112A5C6E3400FDD16E /* ViewModel */ = {
			isa = PBXGroup;
			children = (
				C99017142A5C6EBB00FDD16E /* MovieListViewModel.swift */,
			);
			path = ViewModel;
			sourceTree = "<group>";
		};
		C990171E2A5C78C700FDD16E /* Helpers */ = {
			isa = PBXGroup;
			children = (
				C990171A2A5C776F00FDD16E /* ImageLoader.swift */,
				C990171C2A5C779B00FDD16E /* ImageCache.swift */,
			);
			path = Helpers;
			sourceTree = "<group>";
		};
/* End PBXGroup section */

/* Begin PBXNativeTarget section */
		C99016FD2A5C6E0E00FDD16E /* SwiftUI-MVVM-Combine */ = {
			isa = PBXNativeTarget;
			buildConfigurationList = C990170C2A5C6E0F00FDD16E /* Build configuration list for PBXNativeTarget "SwiftUI-MVVM-Combine" */;
			buildPhases = (
				C99016FA2A5C6E0E00FDD16E /* Sources */,
				C99016FB2A5C6E0E00FDD16E /* Frameworks */,
				C99016FC2A5C6E0E00FDD16E /* Resources */,
			);
			buildRules = (
			);
			dependencies = (
			);
			name = "SwiftUI-MVVM-Combine";
			productName = "SwiftUI-MVVM-Combine";
			productReference = C99016FE2A5C6E0E00FDD16E /* SwiftUI-MVVM-Combine.app */;
			productType = "com.apple.product-type.application";
		};
/* End PBXNativeTarget section */

/* Begin PBXProject section */
		C99016F62A5C6E0E00FDD16E /* Project object */ = {
			isa = PBXProject;
			attributes = {
				BuildIndependentTargetsInParallel = 1;
				LastSwiftUpdateCheck = 1430;
				LastUpgradeCheck = 1430;
				TargetAttributes = {
					C99016FD2A5C6E0E00FDD16E = {
						CreatedOnToolsVersion = 14.3.1;
					};
				};
			};
			buildConfigurationList = C99016F92A5C6E0E00FDD16E /* Build configuration list for PBXProject "SwiftUI-MVVM-Combine" */;
			compatibilityVersion = "Xcode 14.0";
			developmentRegion = en;
			hasScannedForEncodings = 0;
			knownRegions = (
				en,
				Base,
			);
			mainGroup = C99016F52A5C6E0E00FDD16E;
			productRefGroup = C99016FF2A5C6E0E00FDD16E /* Products */;
			projectDirPath = "";
			projectRoot = "";
			targets = (
				C99016FD2A5C6E0E00FDD16E /* SwiftUI-MVVM-Combine */,
			);
		};
/* End PBXProject section */

/* Begin PBXResourcesBuildPhase section */
		C99016FC2A5C6E0E00FDD16E /* Resources */ = {
			isa = PBXResourcesBuildPhase;
			buildActionMask = 2147483647;
			files = (
				C99017092A5C6E0F00FDD16E /* Preview Assets.xcassets in Resources */,
				C99017062A5C6E0F00FDD16E /* Assets.xcassets in Resources */,
			);
			runOnlyForDeploymentPostprocessing = 0;
		};
/* End PBXResourcesBuildPhase section */

/* Begin PBXSourcesBuildPhase section */
		C99016FA2A5C6E0E00FDD16E /* Sources */ = {
			isa = PBXSourcesBuildPhase;
			buildActionMask = 2147483647;
			files = (
				C990171B2A5C776F00FDD16E /* ImageLoader.swift in Sources */,
				C99017042A5C6E0E00FDD16E /* MovieListView.swift in Sources */,
				C990171D2A5C779B00FDD16E /* ImageCache.swift in Sources */,
				C99017172A5C6F3800FDD16E /* ContentView.swift in Sources */,
				C99017022A5C6E0E00FDD16E /* SwiftUI_MVVM_CombineApp.swift in Sources */,
				C99017132A5C6E5E00FDD16E /* MoviesModel.swift in Sources */,
				C99017192A5C774700FDD16E /* AsyncImage.swift in Sources */,
				C99017152A5C6EBB00FDD16E /* MovieListViewModel.swift in Sources */,
			);
			runOnlyForDeploymentPostprocessing = 0;
		};
/* End PBXSourcesBuildPhase section */

/* Begin XCBuildConfiguration section */
		C990170A2A5C6E0F00FDD16E /* Debug */ = {
			isa = XCBuildConfiguration;
			buildSettings = {
				ALWAYS_SEARCH_USER_PATHS = NO;
				CLANG_ANALYZER_NONNULL = YES;
				CLANG_ANALYZER_NUMBER_OBJECT_CONVERSION = YES_AGGRESSIVE;
				CLANG_CXX_LANGUAGE_STANDARD = "gnu++20";
				CLANG_ENABLE_MODULES = YES;
				CLANG_ENABLE_OBJC_ARC = YES;
				CLANG_ENABLE_OBJC_WEAK = YES;
				CLANG_WARN_BLOCK_CAPTURE_AUTORELEASING = YES;
				CLANG_WARN_BOOL_CONVERSION = YES;
				CLANG_WARN_COMMA = YES;
				CLANG_WARN_CONSTANT_CONVERSION = YES;
				CLANG_WARN_DEPRECATED_OBJC_IMPLEMENTATIONS = YES;
				CLANG_WARN_DIRECT_OBJC_ISA_USAGE = YES_ERROR;
				CLANG_WARN_DOCUMENTATION_COMMENTS = YES;
				CLANG_WARN_EMPTY_BODY = YES;
				CLANG_WARN_ENUM_CONVERSION = YES;
				CLANG_WARN_INFINITE_RECURSION = YES;
				CLANG_WARN_INT_CONVERSION = YES;
				CLANG_WARN_NON_LITERAL_NULL_CONVERSION = YES;
				CLANG_WARN_OBJC_IMPLICIT_RETAIN_SELF = YES;
				CLANG_WARN_OBJC_LITERAL_CONVERSION = YES;
				CLANG_WARN_OBJC_ROOT_CLASS = YES_ERROR;
				CLANG_WARN_QUOTED_INCLUDE_IN_FRAMEWORK_HEADER = YES;
				CLANG_WARN_RANGE_LOOP_ANALYSIS = YES;
				CLANG_WARN_STRICT_PROTOTYPES = YES;
				CLANG_WARN_SUSPICIOUS_MOVE = YES;
				CLANG_WARN_UNGUARDED_AVAILABILITY = YES_AGGRESSIVE;
				CLANG_WARN_UNREACHABLE_CODE = YES;
				CLANG_WARN__DUPLICATE_METHOD_MATCH = YES;
				COPY_PHASE_STRIP = NO;
				DEBUG_INFORMATION_FORMAT = dwarf;
				ENABLE_STRICT_OBJC_MSGSEND = YES;
				ENABLE_TESTABILITY = YES;
				GCC_C_LANGUAGE_STANDARD = gnu11;
				GCC_DYNAMIC_NO_PIC = NO;
				GCC_NO_COMMON_BLOCKS = YES;
				GCC_OPTIMIZATION_LEVEL = 0;
				GCC_PREPROCESSOR_DEFINITIONS = (
					"DEBUG=1",
					"$(inherited)",
				);
				GCC_WARN_64_TO_32_BIT_CONVERSION = YES;
				GCC_WARN_ABOUT_RETURN_TYPE = YES_ERROR;
				GCC_WARN_UNDECLARED_SELECTOR = YES;
				GCC_WARN_UNINITIALIZED_AUTOS = YES_AGGRESSIVE;
				GCC_WARN_UNUSED_FUNCTION = YES;
				GCC_WARN_UNUSED_VARIABLE = YES;
				IPHONEOS_DEPLOYMENT_TARGET = 16.4;
				MTL_ENABLE_DEBUG_INFO = INCLUDE_SOURCE;
				MTL_FAST_MATH = YES;
				ONLY_ACTIVE_ARCH = YES;
				SDKROOT = iphoneos;
				SWIFT_ACTIVE_COMPILATION_CONDITIONS = DEBUG;
				SWIFT_OPTIMIZATION_LEVEL = "-Onone";
			};
			name = Debug;
		};
		C990170B2A5C6E0F00FDD16E /* Release */ = {
			isa = XCBuildConfiguration;
			buildSettings = {
				ALWAYS_SEARCH_USER_PATHS = NO;
				CLANG_ANALYZER_NONNULL = YES;
				CLANG_ANALYZER_NUMBER_OBJECT_CONVERSION = YES_AGGRESSIVE;
				CLANG_CXX_LANGUAGE_STANDARD = "gnu++20";
				CLANG_ENABLE_MODULES = YES;
				CLANG_ENABLE_OBJC_ARC = YES;
				CLANG_ENABLE_OBJC_WEAK = YES;
				CLANG_WARN_BLOCK_CAPTURE_AUTORELEASING = YES;
				CLANG_WARN_BOOL_CONVERSION = YES;
				CLANG_WARN_COMMA = YES;
				CLANG_WARN_CONSTANT_CONVERSION = YES;
				CLANG_WARN_DEPRECATED_OBJC_IMPLEMENTATIONS = YES;
				CLANG_WARN_DIRECT_OBJC_ISA_USAGE = YES_ERROR;
				CLANG_WARN_DOCUMENTATION_COMMENTS = YES;
				CLANG_WARN_EMPTY_BODY = YES;
				CLANG_WARN_ENUM_CONVERSION = YES;
				CLANG_WARN_INFINITE_RECURSION = YES;
				CLANG_WARN_INT_CONVERSION = YES;
				CLANG_WARN_NON_LITERAL_NULL_CONVERSION = YES;
				CLANG_WARN_OBJC_IMPLICIT_RETAIN_SELF = YES;
				CLANG_WARN_OBJC_LITERAL_CONVERSION = YES;
				CLANG_WARN_OBJC_ROOT_CLASS = YES_ERROR;
				CLANG_WARN_QUOTED_INCLUDE_IN_FRAMEWORK_HEADER = YES;
				CLANG_WARN_RANGE_LOOP_ANALYSIS = YES;
				CLANG_WARN_STRICT_PROTOTYPES = YES;
				CLANG_WARN_SUSPICIOUS_MOVE = YES;
				CLANG_WARN_UNGUARDED_AVAILABILITY = YES_AGGRESSIVE;
				CLANG_WARN_UNREACHABLE_CODE = YES;
				CLANG_WARN__DUPLICATE_METHOD_MATCH = YES;
				COPY_PHASE_STRIP = NO;
				DEBUG_INFORMATION_FORMAT = "dwarf-with-dsym";
				ENABLE_NS_ASSERTIONS = NO;
				ENABLE_STRICT_OBJC_MSGSEND = YES;
				GCC_C_LANGUAGE_STANDARD = gnu11;
				GCC_NO_COMMON_BLOCKS = YES;
				GCC_WARN_64_TO_32_BIT_CONVERSION = YES;
				GCC_WARN_ABOUT_RETURN_TYPE = YES_ERROR;
				GCC_WARN_UNDECLARED_SELECTOR = YES;
				GCC_WARN_UNINITIALIZED_AUTOS = YES_AGGRESSIVE;
				GCC_WARN_UNUSED_FUNCTION = YES;
				GCC_WARN_UNUSED_VARIABLE = YES;
				IPHONEOS_DEPLOYMENT_TARGET = 16.4;
				MTL_ENABLE_DEBUG_INFO = NO;
				MTL_FAST_MATH = YES;
				SDKROOT = iphoneos;
				SWIFT_COMPILATION_MODE = wholemodule;
				SWIFT_OPTIMIZATION_LEVEL = "-O";
				VALIDATE_PRODUCT = YES;
			};
			name = Release;
		};
		C990170D2A5C6E0F00FDD16E /* Debug */ = {
			isa = XCBuildConfiguration;
			buildSettings = {
				ASSETCATALOG_COMPILER_APPICON_NAME = AppIcon;
				ASSETCATALOG_COMPILER_GLOBAL_ACCENT_COLOR_NAME = AccentColor;
				CODE_SIGN_STYLE = Automatic;
				CURRENT_PROJECT_VERSION = 1;
				DEVELOPMENT_ASSET_PATHS = "\"SwiftUI-MVVM-Combine/Preview Content\"";
				DEVELOPMENT_TEAM = 7C76V3X7AB;
				ENABLE_PREVIEWS = YES;
				GENERATE_INFOPLIST_FILE = YES;
				INFOPLIST_KEY_UIApplicationSceneManifest_Generation = YES;
				INFOPLIST_KEY_UIApplicationSupportsIndirectInputEvents = YES;
				INFOPLIST_KEY_UILaunchScreen_Generation = YES;
				INFOPLIST_KEY_UISupportedInterfaceOrientations_iPad = "UIInterfaceOrientationPortrait UIInterfaceOrientationPortraitUpsideDown UIInterfaceOrientationLandscapeLeft UIInterfaceOrientationLandscapeRight";
				INFOPLIST_KEY_UISupportedInterfaceOrientations_iPhone = "UIInterfaceOrientationPortrait UIInterfaceOrientationLandscapeLeft UIInterfaceOrientationLandscapeRight";
				LD_RUNPATH_SEARCH_PATHS = (
					"$(inherited)",
					"@executable_path/Frameworks",
				);
				MARKETING_VERSION = 1.0;
				PRODUCT_BUNDLE_IDENTIFIER = "hajime.SwiftUI-MVVM-Combine";
				PRODUCT_NAME = "$(TARGET_NAME)";
				SWIFT_EMIT_LOC_STRINGS = YES;
				SWIFT_VERSION = 5.0;
				TARGETED_DEVICE_FAMILY = "1,2";
			};
			name = Debug;
		};
		C990170E2A5C6E0F00FDD16E /* Release */ = {
			isa = XCBuildConfiguration;
			buildSettings = {
				ASSETCATALOG_COMPILER_APPICON_NAME = AppIcon;
				ASSETCATALOG_COMPILER_GLOBAL_ACCENT_COLOR_NAME = AccentColor;
				CODE_SIGN_STYLE = Automatic;
				CURRENT_PROJECT_VERSION = 1;
				DEVELOPMENT_ASSET_PATHS = "\"SwiftUI-MVVM-Combine/Preview Content\"";
				DEVELOPMENT_TEAM = 7C76V3X7AB;
				ENABLE_PREVIEWS = YES;
				GENERATE_INFOPLIST_FILE = YES;
				INFOPLIST_KEY_UIApplicationSceneManifest_Generation = YES;
				INFOPLIST_KEY_UIApplicationSupportsIndirectInputEvents = YES;
				INFOPLIST_KEY_UILaunchScreen_Generation = YES;
				INFOPLIST_KEY_UISupportedInterfaceOrientations_iPad = "UIInterfaceOrientationPortrait UIInterfaceOrientationPortraitUpsideDown UIInterfaceOrientationLandscapeLeft UIInterfaceOrientationLandscapeRight";
				INFOPLIST_KEY_UISupportedInterfaceOrientations_iPhone = "UIInterfaceOrientationPortrait UIInterfaceOrientationLandscapeLeft UIInterfaceOrientationLandscapeRight";
				LD_RUNPATH_SEARCH_PATHS = (
					"$(inherited)",
					"@executable_path/Frameworks",
				);
				MARKETING_VERSION = 1.0;
				PRODUCT_BUNDLE_IDENTIFIER = "hajime.SwiftUI-MVVM-Combine";
				PRODUCT_NAME = "$(TARGET_NAME)";
				SWIFT_EMIT_LOC_STRINGS = YES;
				SWIFT_VERSION = 5.0;
				TARGETED_DEVICE_FAMILY = "1,2";
			};
			name = Release;
		};
/* End XCBuildConfiguration section */

/* Begin XCConfigurationList section */
		C99016F92A5C6E0E00FDD16E /* Build configuration list for PBXProject "SwiftUI-MVVM-Combine" */ = {
			isa = XCConfigurationList;
			buildConfigurations = (
				C990170A2A5C6E0F00FDD16E /* Debug */,
				C990170B2A5C6E0F00FDD16E /* Release */,
			);
			defaultConfigurationIsVisible = 0;
			defaultConfigurationName = Release;
		};
		C990170C2A5C6E0F00FDD16E /* Build configuration list for PBXNativeTarget "SwiftUI-MVVM-Combine" */ = {
			isa = XCConfigurationList;
			buildConfigurations = (
				C990170D2A5C6E0F00FDD16E /* Debug */,
				C990170E2A5C6E0F00FDD16E /* Release */,
			);
			defaultConfigurationIsVisible = 0;
			defaultConfigurationName = Release;
		};
/* End XCConfigurationList section */
	};
	rootObject = C99016F62A5C6E0E00FDD16E /* Project object */;
}
